
Microsoft Visual Studio Solution File, Format Version 12.00
# Visual Studio Version 17
VisualStudioVersion = 17.4.33110.190
MinimumVisualStudioVersion = 10.0.40219.1
Project("{FAE04EC0-301F-11D3-BF4B-00C04F79EFBC}") = "App", "App.csproj", "{5B32809A-67A3-479C-B7C9-B3A3647AF9ED}"
EndProject
Project("{FAE04EC0-301F-11D3-BF4B-00C04F79EFBC}") = "AppTest", "..\AppTest\AppTest.csproj", "{4B3E3FB4-2CAF-4EEB-BDC9-87C1E93C0791}"
EndProject
Global
	GlobalSection(SolutionConfigurationPlatforms) = preSolution
		Debug|Any CPU = Debug|Any CPU
		Release|Any CPU = Release|Any CPU
	EndGlobalSection
	GlobalSection(ProjectConfigurationPlatforms) = postSolution
		{5B32809A-67A3-479C-B7C9-B3A3647AF9ED}.Debug|Any CPU.ActiveCfg = Debug|Any CPU
		{5B32809A-67A3-479C-B7C9-B3A3647AF9ED}.Debug|Any CPU.Build.0 = Debug|Any CPU
		{5B32809A-67A3-479C-B7C9-B3A3647AF9ED}.Release|Any CPU.ActiveCfg = Release|Any CPU
		{5B32809A-67A3-479C-B7C9-B3A3647AF9ED}.Release|Any CPU.Build.0 = Release|Any CPU
		{4B3E3FB4-2CAF-4EEB-BDC9-87C1E93C0791}.Debug|Any CPU.ActiveCfg = Debug|Any CPU
		{4B3E3FB4-2CAF-4EEB-BDC9-87C1E93C0791}.Debug|Any CPU.Build.0 = Debug|Any CPU
		{4B3E3FB4-2CAF-4EEB-BDC9-87C1E93C0791}.Release|Any CPU.ActiveCfg = Release|Any CPU
		{4B3E3FB4-2CAF-4EEB-BDC9-87C1E93C0791}.Release|Any CPU.Build.0 = Release|Any CPU
	EndGlobalSection
	GlobalSection(SolutionProperties) = preSolution
		HideSolutionNode = FALSE
	EndGlobalSection
	GlobalSection(ExtensibilityGlobals) = postSolution
		SolutionGuid = {2548F082-3830-475D-8929-A6E2A697FAC4}
	EndGlobalSection
EndGlobal
